// !$*UTF8*$!
{
	archiveVersion = 1;
	classes = {
	};
	objectVersion = 46;
	objects = {
		5E618435888B9D49F8540165 = {
			buildActionMask = 2147483647;
			files = (
				);
			isa = PBXShellScriptBuildPhase;
			runOnlyForDeploymentPostprocessing = 0;
			name = "Qt Qmake";
			shellPath = "/bin/sh";
			shellScript = "make -C /Users/leo/cc/qt-Project/build-iOS-BootTest-Qt_5_15_2_ios_Simulator-Debug -f iOS-BootTest.xcodeproj/qt_makeqmake.mak";
			showEnvVarsInLog = "0";
		};
		D1F74D171E164F3FF7046395 = {
			isa = PBXFileReference;
			path = "/Users/leo/cc/qt-Project/iOS-BootTest/main.cpp";
			name = "main.cpp";
			sourceTree = "<absolute>";
			lastKnownFileType = "sourcecode.cpp.cpp";
		};
		3718EF9735A1393265A23ADA = {
			fileRef = "D1F74D171E164F3FF7046395";
			isa = PBXBuildFile;
			settings = {
				ATTRIBUTES = (
					);
			};
		};
		2014B494FA787906D86369B2 = {
			isa = PBXFileReference;
			path = "/Users/leo/cc/qt-Project/build-iOS-BootTest-Qt_5_15_2_ios_Simulator-Debug/ios-boottest_plugin_import.cpp";
			name = "ios-boottest_plugin_import.cpp";
			sourceTree = "<absolute>";
			lastKnownFileType = "sourcecode.cpp.cpp";
		};
		6D94870BB008C2DB2FBDC19E = {
			fileRef = "2014B494FA787906D86369B2";
			isa = PBXBuildFile;
			settings = {
				ATTRIBUTES = (
					);
			};
		};
		E16557F067A1EB4B578F42BF = {
			isa = PBXFileReference;
			path = "/Users/leo/cc/qt-Project/build-iOS-BootTest-Qt_5_15_2_ios_Simulator-Debug/ios-boottest_qml_plugin_import.cpp";
			name = "ios-boottest_qml_plugin_import.cpp";
			sourceTree = "<absolute>";
			lastKnownFileType = "sourcecode.cpp.cpp";
		};
		D935DE091FA06EB8D764A519 = {
			fileRef = "E16557F067A1EB4B578F42BF";
			isa = PBXBuildFile;
			settings = {
				ATTRIBUTES = (
					);
			};
		};
		D0BE86EC412C4DA2CB30DCC2 = {
			isa = PBXFileReference;
			path = "/Users/leo/cc/qt-Project/build-iOS-BootTest-Qt_5_15_2_ios_Simulator-Debug/qrc_qml.cpp";
			name = "qrc_qml.cpp";
			sourceTree = "<absolute>";
			lastKnownFileType = "sourcecode.cpp.cpp";
		};
		E576CA93ED3D05B0EB3B6850 = {
			fileRef = "D0BE86EC412C4DA2CB30DCC2";
			isa = PBXBuildFile;
			settings = {
				ATTRIBUTES = (
					);
			};
		};
		C99354CF7431E9A589A64985 = {
			isa = PBXFileReference;
			path = "/Users/leo/cc/qt-Project/iOS-BootTest/qml.qrc";
			name = "qml.qrc";
			sourceTree = "<absolute>";
			lastKnownFileType = "text";
		};
		A722DD8D5001BFE66FDA9246 = {
			fileRef = "C99354CF7431E9A589A64985";
			isa = PBXBuildFile;
			settings = {
				ATTRIBUTES = (
					);
			};
		};
		02BAB76CE44790441339CBF4 = {
			isa = PBXFileReference;
			path = "/Users/leo/cc/qt-Project/build-iOS-BootTest-Qt_5_15_2_ios_Simulator-Debug/iOS-BootTest.pro";
			name = "iOS-BootTest.pro";
			sourceTree = "<absolute>";
			lastKnownFileType = "text";
		};
		5E6C9DB25F8F5BB3E6D15268 = {
			isa = PBXFileReference;
			path = "/Users/leo/cc/qt-Project/build-iOS-BootTest-Qt_5_15_2_ios_Simulator-Debug/.qmake.stash";
			name = ".qmake.stash";
			sourceTree = "<absolute>";
		};
		BBA663C87DAB5158F9530838 = {
			isa = PBXFileReference;
			path = "/Users/leo/cc/qt-Project/iOS-BootTest/iOS-BootTest.pro";
			name = "iOS-BootTest.pro";
			sourceTree = "<absolute>";
			lastKnownFileType = "text";
		};
		25B08E2869634E9BCBA333A2 = {
			isa = PBXGroup;
			children = (
				"2014B494FA787906D86369B2",
				"E16557F067A1EB4B578F42BF",
				"D0BE86EC412C4DA2CB30DCC2");
			name = "Generated Sources";
			sourceTree = "<group>";
		};
		87DF60DE337FB58864343E39 = {
			isa = PBXGroup;
			children = (
				"C99354CF7431E9A589A64985");
			name = "Resources";
			sourceTree = "<group>";
		};
		2EB56BE3C2D93CDAB0C52E67 = {
			isa = PBXGroup;
			children = (
				"D1F74D171E164F3FF7046395");
			name = "Sources";
			sourceTree = "<group>";
		};
		74B182DB50CB5611B5C1C297 = {
			isa = PBXGroup;
			children = (
				"02BAB76CE44790441339CBF4",
				"5E6C9DB25F8F5BB3E6D15268",
				"BBA663C87DAB5158F9530838");
			name = "Supporting Files";
			sourceTree = "<group>";
		};
		7EF0942E79C014DCEC8976BC = {
			buildActionMask = 2147483647;
			files = (
				);
			isa = PBXShellScriptBuildPhase;
			runOnlyForDeploymentPostprocessing = 0;
			name = "Qt Preprocessors";
			shellPath = "/bin/sh";
			shellScript = "make -C /Users/leo/cc/qt-Project/build-iOS-BootTest-Qt_5_15_2_ios_Simulator-Debug -f iOS-BootTest.xcodeproj/qt_preprocess.mak";
			showEnvVarsInLog = "0";
		};
		F7E50F631C51CD5B5DC0BC43 = {
			buildActionMask = 2147483647;
			files = (
				"3718EF9735A1393265A23ADA",
				"6D94870BB008C2DB2FBDC19E",
				"D935DE091FA06EB8D764A519",
				"E576CA93ED3D05B0EB3B6850");
			isa = PBXSourcesBuildPhase;
			runOnlyForDeploymentPostprocessing = 0;
			name = "Compile Sources";
		};
		7B787409F763251D810F4AB4 = {
			isa = PBXFileReference;
			name = "qios";
			path = "/Users/leo/Qt/5.15.2/ios/plugins/platforms/libqios$(QT_LIBRARY_SUFFIX).a";
			refType = 0;
			sourceTree = "<absolute>";
		};
		814B4D9F147A8460BEE1B3CB = {
			fileRef = "7B787409F763251D810F4AB4";
			isa = PBXBuildFile;
			settings = {
			};
		};
		7EC00404ACD5AB0E97726B0E = {
			isa = PBXFileReference;
			name = "QuartzCore.framework";
			path = "/System/Library/Frameworks/QuartzCore.framework";
			refType = 0;
			sourceTree = "<absolute>";
			lastKnownFileType = "wrapper.framework";
		};
		B460F624007324313696BE86 = {
			fileRef = "7EC00404ACD5AB0E97726B0E";
			isa = PBXBuildFile;
			settings = {
			};
		};
		3C44131FDCFEF4396B9EA2BA = {
			isa = PBXFileReference;
			name = "AudioToolbox.framework";
			path = "/System/Library/Frameworks/AudioToolbox.framework";
			refType = 0;
			sourceTree = "<absolute>";
			lastKnownFileType = "wrapper.framework";
		};
		4EB68D0C8182BCE33529C421 = {
			fileRef = "3C44131FDCFEF4396B9EA2BA";
			isa = PBXBuildFile;
			settings = {
			};
		};
		5E7016FCFBDA03D7508FA77B = {
			isa = PBXFileReference;
			name = "Qt5FontDatabaseSupport";
			path = "/Users/leo/Qt/5.15.2/ios/lib/libQt5FontDatabaseSupport$(QT_LIBRARY_SUFFIX).a";
			refType = 0;
			sourceTree = "<absolute>";
		};
		8818C4897EA73BE5A260784A = {
			fileRef = "5E7016FCFBDA03D7508FA77B";
			isa = PBXBuildFile;
			settings = {
			};
		};
		019A5398CFC7CB9796024EA8 = {
			isa = PBXFileReference;
			name = "qtfreetype";
			path = "/Users/leo/Qt/5.15.2/ios/lib/libqtfreetype$(QT_LIBRARY_SUFFIX).a";
			refType = 0;
			sourceTree = "<absolute>";
		};
		D86E57DD6F3BF48849AFE9C8 = {
			fileRef = "019A5398CFC7CB9796024EA8";
			isa = PBXBuildFile;
			settings = {
			};
		};
		96DE3917CE21094427CB06D4 = {
			isa = PBXFileReference;
			name = "Qt5GraphicsSupport";
			path = "/Users/leo/Qt/5.15.2/ios/lib/libQt5GraphicsSupport$(QT_LIBRARY_SUFFIX).a";
			refType = 0;
			sourceTree = "<absolute>";
		};
		2A1E69B7B4D1C0401D510887 = {
			fileRef = "96DE3917CE21094427CB06D4";
			isa = PBXBuildFile;
			settings = {
			};
		};
		32D0041323200320D2F33E5E = {
			isa = PBXFileReference;
			name = "Qt5ClipboardSupport";
			path = "/Users/leo/Qt/5.15.2/ios/lib/libQt5ClipboardSupport$(QT_LIBRARY_SUFFIX).a";
			refType = 0;
			sourceTree = "<absolute>";
		};
		3B06B1F339866DB163636986 = {
			fileRef = "32D0041323200320D2F33E5E";
			isa = PBXBuildFile;
			settings = {
			};
		};
		C438413931D5A559B460AFC1 = {
			isa = PBXFileReference;
			name = "qgif";
			path = "/Users/leo/Qt/5.15.2/ios/plugins/imageformats/libqgif$(QT_LIBRARY_SUFFIX).a";
			refType = 0;
			sourceTree = "<absolute>";
		};
		75C14170DDE8365ECA6D30D5 = {
			fileRef = "C438413931D5A559B460AFC1";
			isa = PBXBuildFile;
			settings = {
			};
		};
		1D95222F94C963CE614AFF3A = {
			isa = PBXFileReference;
			name = "qicns";
			path = "/Users/leo/Qt/5.15.2/ios/plugins/imageformats/libqicns$(QT_LIBRARY_SUFFIX).a";
			refType = 0;
			sourceTree = "<absolute>";
		};
		F8C8C11677348A16DE63C22C = {
			fileRef = "1D95222F94C963CE614AFF3A";
			isa = PBXBuildFile;
			settings = {
			};
		};
		16F0C842ADAF8C020135F83B = {
			isa = PBXFileReference;
			name = "qico";
			path = "/Users/leo/Qt/5.15.2/ios/plugins/imageformats/libqico$(QT_LIBRARY_SUFFIX).a";
			refType = 0;
			sourceTree = "<absolute>";
		};
		EC6FDA35F1A0C2BE3F40C73C = {
			fileRef = "16F0C842ADAF8C020135F83B";
			isa = PBXBuildFile;
			settings = {
			};
		};
		304AE776FEC2E4EBA34D6EB2 = {
			isa = PBXFileReference;
			name = "qjpeg";
			path = "/Users/leo/Qt/5.15.2/ios/plugins/imageformats/libqjpeg$(QT_LIBRARY_SUFFIX).a";
			refType = 0;
			sourceTree = "<absolute>";
		};
		27D568A44B5DCEAECAA6D9F8 = {
			fileRef = "304AE776FEC2E4EBA34D6EB2";
			isa = PBXBuildFile;
			settings = {
			};
		};
		8637C695659F5C65E5DAEA30 = {
			isa = PBXFileReference;
			name = "qmacheif";
			path = "/Users/leo/Qt/5.15.2/ios/plugins/imageformats/libqmacheif$(QT_LIBRARY_SUFFIX).a";
			refType = 0;
			sourceTree = "<absolute>";
		};
		D97208E956D8AD8320C3F4F9 = {
			fileRef = "8637C695659F5C65E5DAEA30";
			isa = PBXBuildFile;
			settings = {
			};
		};
		56EEEC65337FA72BBADB4F6E = {
			isa = PBXFileReference;
			name = "qmacjp2";
			path = "/Users/leo/Qt/5.15.2/ios/plugins/imageformats/libqmacjp2$(QT_LIBRARY_SUFFIX).a";
			refType = 0;
			sourceTree = "<absolute>";
		};
		7036282421651F81D22B713D = {
			fileRef = "56EEEC65337FA72BBADB4F6E";
			isa = PBXBuildFile;
			settings = {
			};
		};
		3A8EF9C62A8D4790CBB89CEA = {
			isa = PBXFileReference;
			name = "ImageIO.framework";
			path = "/System/Library/Frameworks/ImageIO.framework";
			refType = 0;
			sourceTree = "<absolute>";
			lastKnownFileType = "wrapper.framework";
		};
		61EEC397DC8556BF8C4E36A7 = {
			fileRef = "3A8EF9C62A8D4790CBB89CEA";
			isa = PBXBuildFile;
			settings = {
			};
		};
		53DEAF8EB1170D306B4C2DAA = {
			isa = PBXFileReference;
			name = "qtga";
			path = "/Users/leo/Qt/5.15.2/ios/plugins/imageformats/libqtga$(QT_LIBRARY_SUFFIX).a";
			refType = 0;
			sourceTree = "<absolute>";
		};
		66BB6DF10AF3B3BBD59DAFD6 = {
			fileRef = "53DEAF8EB1170D306B4C2DAA";
			isa = PBXBuildFile;
			settings = {
			};
		};
		0A53B8ACA83B6ECA4525143E = {
			isa = PBXFileReference;
			name = "qtiff";
			path = "/Users/leo/Qt/5.15.2/ios/plugins/imageformats/libqtiff$(QT_LIBRARY_SUFFIX).a";
			refType = 0;
			sourceTree = "<absolute>";
		};
		4A378D79109825CDBC872A3C = {
			fileRef = "0A53B8ACA83B6ECA4525143E";
			isa = PBXBuildFile;
			settings = {
			};
		};
		44F8C023AC31F1F090B4191B = {
			isa = PBXFileReference;
			name = "qwbmp";
			path = "/Users/leo/Qt/5.15.2/ios/plugins/imageformats/libqwbmp$(QT_LIBRARY_SUFFIX).a";
			refType = 0;
			sourceTree = "<absolute>";
		};
		DAEF5396CF785A464AE68728 = {
			fileRef = "44F8C023AC31F1F090B4191B";
			isa = PBXBuildFile;
			settings = {
			};
		};
		074ACCB3071C37D1D7218C91 = {
			isa = PBXFileReference;
			name = "qwebp";
			path = "/Users/leo/Qt/5.15.2/ios/plugins/imageformats/libqwebp$(QT_LIBRARY_SUFFIX).a";
			refType = 0;
			sourceTree = "<absolute>";
		};
		D9B7A412698EED9E0E0712D1 = {
			fileRef = "074ACCB3071C37D1D7218C91";
			isa = PBXBuildFile;
			settings = {
			};
		};
		0B70DB75EED5A5B3465FD0D8 = {
			isa = PBXFileReference;
			name = "qmldbg_debugger";
			path = "/Users/leo/Qt/5.15.2/ios/plugins/qmltooling/libqmldbg_debugger$(QT_LIBRARY_SUFFIX).a";
			refType = 0;
			sourceTree = "<absolute>";
		};
		595A1570263C08749318F0F3 = {
			fileRef = "0B70DB75EED5A5B3465FD0D8";
			isa = PBXBuildFile;
			settings = {
			};
		};
		21DB614D114D6B8A9BE3137C = {
			isa = PBXFileReference;
			name = "qmldbg_inspector";
			path = "/Users/leo/Qt/5.15.2/ios/plugins/qmltooling/libqmldbg_inspector$(QT_LIBRARY_SUFFIX).a";
			refType = 0;
			sourceTree = "<absolute>";
		};
		CFAAE4CC5D807A3D68837EA3 = {
			fileRef = "21DB614D114D6B8A9BE3137C";
			isa = PBXBuildFile;
			settings = {
			};
		};
		6E801294DE6175F3C2E57768 = {
			isa = PBXFileReference;
			name = "qmldbg_local";
			path = "/Users/leo/Qt/5.15.2/ios/plugins/qmltooling/libqmldbg_local$(QT_LIBRARY_SUFFIX).a";
			refType = 0;
			sourceTree = "<absolute>";
		};
		0A2243E2A6FF63FE3B7D19CF = {
			fileRef = "6E801294DE6175F3C2E57768";
			isa = PBXBuildFile;
			settings = {
			};
		};
		43EA0FAA3AED00F6E064F531 = {
			isa = PBXFileReference;
			name = "qmldbg_messages";
			path = "/Users/leo/Qt/5.15.2/ios/plugins/qmltooling/libqmldbg_messages$(QT_LIBRARY_SUFFIX).a";
			refType = 0;
			sourceTree = "<absolute>";
		};
		AB3B7134E447250F78ADC67D = {
			fileRef = "43EA0FAA3AED00F6E064F531";
			isa = PBXBuildFile;
			settings = {
			};
		};
		6C48C1AAEE23DBE1A8DB4337 = {
			isa = PBXFileReference;
			name = "qmldbg_native";
			path = "/Users/leo/Qt/5.15.2/ios/plugins/qmltooling/libqmldbg_native$(QT_LIBRARY_SUFFIX).a";
			refType = 0;
			sourceTree = "<absolute>";
		};
		FF3954861EE2CFEC856FF43C = {
			fileRef = "6C48C1AAEE23DBE1A8DB4337";
			isa = PBXBuildFile;
			settings = {
			};
		};
		07B180DDC968F7CD5E43A126 = {
			isa = PBXFileReference;
			name = "qmldbg_nativedebugger";
			path = "/Users/leo/Qt/5.15.2/ios/plugins/qmltooling/libqmldbg_nativedebugger$(QT_LIBRARY_SUFFIX).a";
			refType = 0;
			sourceTree = "<absolute>";
		};
		EC015E1284CEF24F074842C7 = {
			fileRef = "07B180DDC968F7CD5E43A126";
			isa = PBXBuildFile;
			settings = {
			};
		};
		0BDEF7C3DE897444B974CCC8 = {
			isa = PBXFileReference;
			name = "qmldbg_preview";
			path = "/Users/leo/Qt/5.15.2/ios/plugins/qmltooling/libqmldbg_preview$(QT_LIBRARY_SUFFIX).a";
			refType = 0;
			sourceTree = "<absolute>";
		};
		8F416C7E5742E7942661CAF2 = {
			fileRef = "0BDEF7C3DE897444B974CCC8";
			isa = PBXBuildFile;
			settings = {
			};
		};
		0AA7AAFA1FD72900777E6CB0 = {
			isa = PBXFileReference;
			name = "qmldbg_profiler";
			path = "/Users/leo/Qt/5.15.2/ios/plugins/qmltooling/libqmldbg_profiler$(QT_LIBRARY_SUFFIX).a";
			refType = 0;
			sourceTree = "<absolute>";
		};
		45F6045BC4301AB501D6803A = {
			fileRef = "0AA7AAFA1FD72900777E6CB0";
			isa = PBXBuildFile;
			settings = {
			};
		};
		A2EEA36BD712F05A4E895CA2 = {
			isa = PBXFileReference;
			name = "qmldbg_quickprofiler";
			path = "/Users/leo/Qt/5.15.2/ios/plugins/qmltooling/libqmldbg_quickprofiler$(QT_LIBRARY_SUFFIX).a";
			refType = 0;
			sourceTree = "<absolute>";
		};
		1F2F4095C2A83C36FB1E3366 = {
			fileRef = "A2EEA36BD712F05A4E895CA2";
			isa = PBXBuildFile;
			settings = {
			};
		};
		FAE50C2328289671191739ED = {
			isa = PBXFileReference;
			name = "qmldbg_server";
			path = "/Users/leo/Qt/5.15.2/ios/plugins/qmltooling/libqmldbg_server$(QT_LIBRARY_SUFFIX).a";
			refType = 0;
			sourceTree = "<absolute>";
		};
		B1C4048B4F1EA2A444F11895 = {
			fileRef = "FAE50C2328289671191739ED";
			isa = PBXBuildFile;
			settings = {
			};
		};
		0F85005FDB5E304EA81F6F99 = {
			isa = PBXFileReference;
			name = "Qt5PacketProtocol";
			path = "/Users/leo/Qt/5.15.2/ios/lib/libQt5PacketProtocol$(QT_LIBRARY_SUFFIX).a";
			refType = 0;
			sourceTree = "<absolute>";
		};
		88F8B8D7ECBC050ACD342FBA = {
			fileRef = "0F85005FDB5E304EA81F6F99";
			isa = PBXBuildFile;
			settings = {
			};
		};
		03012D36B723B89E38D96440 = {
			isa = PBXFileReference;
			name = "qmldbg_tcp";
			path = "/Users/leo/Qt/5.15.2/ios/plugins/qmltooling/libqmldbg_tcp$(QT_LIBRARY_SUFFIX).a";
			refType = 0;
			sourceTree = "<absolute>";
		};
		FC4BD4987F802524499AB9CB = {
			fileRef = "03012D36B723B89E38D96440";
			isa = PBXBuildFile;
			settings = {
			};
		};
		F6057F48FD037EDB344266AE = {
			isa = PBXFileReference;
			name = "qgenericbearer";
			path = "/Users/leo/Qt/5.15.2/ios/plugins/bearer/libqgenericbearer$(QT_LIBRARY_SUFFIX).a";
			refType = 0;
			sourceTree = "<absolute>";
		};
		3FC91485087A0CAD86F511F0 = {
			fileRef = "F6057F48FD037EDB344266AE";
			isa = PBXBuildFile;
			settings = {
			};
		};
		09E6E7D218D39A782D15A339 = {
			isa = PBXFileReference;
			name = "qtquick2plugin";
			path = "/Users/leo/Qt/5.15.2/ios/qml/QtQuick.2/libqtquick2plugin$(QT_LIBRARY_SUFFIX).a";
			refType = 0;
			sourceTree = "<absolute>";
		};
		FE052AE7FF5242FCD3094093 = {
			fileRef = "09E6E7D218D39A782D15A339";
			isa = PBXBuildFile;
			settings = {
			};
		};
		EDD1F158FDA7F132602F9A63 = {
			isa = PBXFileReference;
			name = "windowplugin";
			path = "/Users/leo/Qt/5.15.2/ios/qml/QtQuick/Window.2/libwindowplugin$(QT_LIBRARY_SUFFIX).a";
			refType = 0;
			sourceTree = "<absolute>";
		};
		D6B0F9C61F221328F14279C5 = {
			fileRef = "EDD1F158FDA7F132602F9A63";
			isa = PBXBuildFile;
			settings = {
			};
		};
		12FBE78D9A74EB32E804C1DA = {
			isa = PBXFileReference;
			name = "Qt5Quick";
			path = "/Users/leo/Qt/5.15.2/ios/lib/libQt5Quick$(QT_LIBRARY_SUFFIX).a";
			refType = 0;
			sourceTree = "<absolute>";
		};
		F3AD8E360203D0FF7CD06956 = {
			fileRef = "12FBE78D9A74EB32E804C1DA";
			isa = PBXBuildFile;
			settings = {
			};
		};
		F7529C3189F174A056F1D636 = {
			isa = PBXFileReference;
			name = "Qt5Gui";
			path = "/Users/leo/Qt/5.15.2/ios/lib/libQt5Gui$(QT_LIBRARY_SUFFIX).a";
			refType = 0;
			sourceTree = "<absolute>";
		};
		FC77010608C8F8962FF06DED = {
			fileRef = "F7529C3189F174A056F1D636";
			isa = PBXBuildFile;
			settings = {
			};
		};
		1B2543FCC48E9436F21C4F63 = {
			isa = PBXFileReference;
			name = "Metal.framework";
			path = "/System/Library/Frameworks/Metal.framework";
			refType = 0;
			sourceTree = "<absolute>";
			lastKnownFileType = "wrapper.framework";
		};
		B3FE8FAC746D3D5BB24FA398 = {
			fileRef = "1B2543FCC48E9436F21C4F63";
			isa = PBXBuildFile;
			settings = {
			};
		};
		83F4219218BEE38F41F4B736 = {
			isa = PBXFileReference;
			name = "qtlibpng";
			path = "/Users/leo/Qt/5.15.2/ios/lib/libqtlibpng$(QT_LIBRARY_SUFFIX).a";
			refType = 0;
			sourceTree = "<absolute>";
		};
		B78927C5E1E526239CB3B06A = {
			fileRef = "83F4219218BEE38F41F4B736";
			isa = PBXBuildFile;
			settings = {
			};
		};
		717C3B1B6C62D8834B01E378 = {
			isa = PBXFileReference;
			name = "qtharfbuzz";
			path = "/Users/leo/Qt/5.15.2/ios/lib/libqtharfbuzz$(QT_LIBRARY_SUFFIX).a";
			refType = 0;
			sourceTree = "<absolute>";
		};
		DD595A8EF3D9962935F5FE93 = {
			fileRef = "717C3B1B6C62D8834B01E378";
			isa = PBXBuildFile;
			settings = {
			};
		};
		7D7B02101166B76FD2D4F8B4 = {
			isa = PBXFileReference;
			name = "CoreText.framework";
			path = "/System/Library/Frameworks/CoreText.framework";
			refType = 0;
			sourceTree = "<absolute>";
			lastKnownFileType = "wrapper.framework";
		};
		2B02D9DC58A01E45248DDBCE = {
			fileRef = "7D7B02101166B76FD2D4F8B4";
			isa = PBXBuildFile;
			settings = {
			};
		};
		6AE3EC31EE5BB1FCEE84137C = {
			isa = PBXFileReference;
			name = "CoreGraphics.framework";
			path = "/System/Library/Frameworks/CoreGraphics.framework";
			refType = 0;
			sourceTree = "<absolute>";
			lastKnownFileType = "wrapper.framework";
		};
		0CE02722F00CAD43741297B5 = {
			fileRef = "6AE3EC31EE5BB1FCEE84137C";
			isa = PBXBuildFile;
			settings = {
			};
		};
		07EF591634326969EFD19E68 = {
			isa = PBXFileReference;
			name = "qmlplugin";
			path = "/Users/leo/Qt/5.15.2/ios/qml/QtQml/libqmlplugin$(QT_LIBRARY_SUFFIX).a";
			refType = 0;
			sourceTree = "<absolute>";
		};
		F321E269E479A0EF1C941F32 = {
			fileRef = "07EF591634326969EFD19E68";
			isa = PBXBuildFile;
			settings = {
			};
		};
		01EBC2B4517E5A9EA3141A49 = {
			isa = PBXFileReference;
			name = "modelsplugin";
			path = "/Users/leo/Qt/5.15.2/ios/qml/QtQml/Models.2/libmodelsplugin$(QT_LIBRARY_SUFFIX).a";
			refType = 0;
			sourceTree = "<absolute>";
		};
		3353AF13766B5E16679320E0 = {
			fileRef = "01EBC2B4517E5A9EA3141A49";
			isa = PBXBuildFile;
			settings = {
			};
		};
		D4778DAA45F63F26CEBBFA56 = {
			isa = PBXFileReference;
			name = "Qt5QmlModels";
			path = "/Users/leo/Qt/5.15.2/ios/lib/libQt5QmlModels$(QT_LIBRARY_SUFFIX).a";
			refType = 0;
			sourceTree = "<absolute>";
		};
		39FC0AA9A5FAA2C60831C226 = {
			fileRef = "D4778DAA45F63F26CEBBFA56";
			isa = PBXBuildFile;
			settings = {
			};
		};
		3D4EE649B314BE89282DBA06 = {
			isa = PBXFileReference;
			name = "workerscriptplugin";
			path = "/Users/leo/Qt/5.15.2/ios/qml/QtQml/WorkerScript.2/libworkerscriptplugin$(QT_LIBRARY_SUFFIX).a";
			refType = 0;
			sourceTree = "<absolute>";
		};
		A2AC96359FBDC683042D03DC = {
			fileRef = "3D4EE649B314BE89282DBA06";
			isa = PBXBuildFile;
			settings = {
			};
		};
		E5C80A313D9A6CC55B688DE3 = {
			isa = PBXFileReference;
			name = "Qt5QmlWorkerScript";
			path = "/Users/leo/Qt/5.15.2/ios/lib/libQt5QmlWorkerScript$(QT_LIBRARY_SUFFIX).a";
			refType = 0;
			sourceTree = "<absolute>";
		};
		11952156EDCA1494C9EBD979 = {
			fileRef = "E5C80A313D9A6CC55B688DE3";
			isa = PBXBuildFile;
			settings = {
			};
		};
		3EFFEBFCFA1B1AD40C226A6A = {
			isa = PBXFileReference;
			name = "Qt5Qml";
			path = "/Users/leo/Qt/5.15.2/ios/lib/libQt5Qml$(QT_LIBRARY_SUFFIX).a";
			refType = 0;
			sourceTree = "<absolute>";
		};
		B4C7E2CAFD386C0C5F9FA958 = {
			fileRef = "3EFFEBFCFA1B1AD40C226A6A";
			isa = PBXBuildFile;
			settings = {
			};
		};
		9E70D424B44405315C349A4B = {
			isa = PBXFileReference;
			name = "Qt5Network";
			path = "/Users/leo/Qt/5.15.2/ios/lib/libQt5Network$(QT_LIBRARY_SUFFIX).a";
			refType = 0;
			sourceTree = "<absolute>";
		};
		EA4C3E51005175D9A71418D9 = {
			fileRef = "9E70D424B44405315C349A4B";
			isa = PBXBuildFile;
			settings = {
			};
		};
		205259EEEE2BADA5E64741E3 = {
			isa = PBXFileReference;
			name = "Security.framework";
			path = "/System/Library/Frameworks/Security.framework";
			refType = 0;
			sourceTree = "<absolute>";
			lastKnownFileType = "wrapper.framework";
		};
		15364689D2AB5A30E87A689F = {
			fileRef = "205259EEEE2BADA5E64741E3";
			isa = PBXBuildFile;
			settings = {
			};
		};
		FF5BDAB0076F3391B219EA52 = {
			isa = PBXFileReference;
			name = "SystemConfiguration.framework";
			path = "/System/Library/Frameworks/SystemConfiguration.framework";
			refType = 0;
			sourceTree = "<absolute>";
			lastKnownFileType = "wrapper.framework";
		};
		D4639595C3BCF2A39D88DF6E = {
			fileRef = "FF5BDAB0076F3391B219EA52";
			isa = PBXBuildFile;
			settings = {
			};
		};
		C714C1AF3FA78E2DABBC17E8 = {
			isa = PBXFileReference;
			name = "GSS.framework";
			path = "/System/Library/Frameworks/GSS.framework";
			refType = 0;
			sourceTree = "<absolute>";
			lastKnownFileType = "wrapper.framework";
		};
		906D4B242F504925A3CF2DBB = {
			fileRef = "C714C1AF3FA78E2DABBC17E8";
			isa = PBXBuildFile;
			settings = {
			};
		};
		7B2F64B143942EA6F2EB30A3 = {
			isa = PBXFileReference;
			name = "Qt5Core";
			path = "/Users/leo/Qt/5.15.2/ios/lib/libQt5Core$(QT_LIBRARY_SUFFIX).a";
			refType = 0;
			sourceTree = "<absolute>";
		};
		1B74E6A57707E783B8883401 = {
			fileRef = "7B2F64B143942EA6F2EB30A3";
			isa = PBXBuildFile;
			settings = {
			};
		};
		4D765E1B1EA6C757220C63E7 = {
			isa = PBXFileReference;
			name = "CoreFoundation.framework";
			path = "/System/Library/Frameworks/CoreFoundation.framework";
			refType = 0;
			sourceTree = "<absolute>";
			lastKnownFileType = "wrapper.framework";
		};
		F8B465CE34D8DF87AAE95913 = {
			fileRef = "4D765E1B1EA6C757220C63E7";
			isa = PBXBuildFile;
			settings = {
			};
		};
		FCC237CA5AD60B9BA4447615 = {
			isa = PBXFileReference;
			name = "Foundation.framework";
			path = "/System/Library/Frameworks/Foundation.framework";
			refType = 0;
			sourceTree = "<absolute>";
			lastKnownFileType = "wrapper.framework";
		};
		F26454630C80841CBDCFE1CA = {
			fileRef = "FCC237CA5AD60B9BA4447615";
			isa = PBXBuildFile;
			settings = {
			};
		};
		36957146A856836DE1F4FF4C = {
			isa = PBXFileReference;
			name = "qtpcre2";
			path = "/Users/leo/Qt/5.15.2/ios/lib/libqtpcre2$(QT_LIBRARY_SUFFIX).a";
			refType = 0;
			sourceTree = "<absolute>";
		};
		8F42461D9201B4670B4FC51B = {
			fileRef = "36957146A856836DE1F4FF4C";
			isa = PBXBuildFile;
			settings = {
			};
		};
		AF39DD055C3EF8226FBE929D = {
			children = (
				"7B787409F763251D810F4AB4",
				"7EC00404ACD5AB0E97726B0E",
				"3C44131FDCFEF4396B9EA2BA",
				"5E7016FCFBDA03D7508FA77B",
				"019A5398CFC7CB9796024EA8",
				"96DE3917CE21094427CB06D4",
				"32D0041323200320D2F33E5E",
				"C438413931D5A559B460AFC1",
				"1D95222F94C963CE614AFF3A",
				"16F0C842ADAF8C020135F83B",
				"304AE776FEC2E4EBA34D6EB2",
				"8637C695659F5C65E5DAEA30",
				"56EEEC65337FA72BBADB4F6E",
				"3A8EF9C62A8D4790CBB89CEA",
				"53DEAF8EB1170D306B4C2DAA",
				"0A53B8ACA83B6ECA4525143E",
				"44F8C023AC31F1F090B4191B",
				"074ACCB3071C37D1D7218C91",
				"0B70DB75EED5A5B3465FD0D8",
				"21DB614D114D6B8A9BE3137C",
				"6E801294DE6175F3C2E57768",
				"43EA0FAA3AED00F6E064F531",
				"6C48C1AAEE23DBE1A8DB4337",
				"07B180DDC968F7CD5E43A126",
				"0BDEF7C3DE897444B974CCC8",
				"0AA7AAFA1FD72900777E6CB0",
				"A2EEA36BD712F05A4E895CA2",
				"FAE50C2328289671191739ED",
				"0F85005FDB5E304EA81F6F99",
				"03012D36B723B89E38D96440",
				"F6057F48FD037EDB344266AE",
				"09E6E7D218D39A782D15A339",
				"EDD1F158FDA7F132602F9A63",
				"12FBE78D9A74EB32E804C1DA",
				"F7529C3189F174A056F1D636",
				"1B2543FCC48E9436F21C4F63",
				"83F4219218BEE38F41F4B736",
				"717C3B1B6C62D8834B01E378",
				"7D7B02101166B76FD2D4F8B4",
				"6AE3EC31EE5BB1FCEE84137C",
				"07EF591634326969EFD19E68",
				"01EBC2B4517E5A9EA3141A49",
				"D4778DAA45F63F26CEBBFA56",
				"3D4EE649B314BE89282DBA06",
				"E5C80A313D9A6CC55B688DE3",
				"3EFFEBFCFA1B1AD40C226A6A",
				"9E70D424B44405315C349A4B",
				"205259EEEE2BADA5E64741E3",
				"FF5BDAB0076F3391B219EA52",
				"C714C1AF3FA78E2DABBC17E8",
				"7B2F64B143942EA6F2EB30A3",
				"4D765E1B1EA6C757220C63E7",
				"FCC237CA5AD60B9BA4447615",
				"36957146A856836DE1F4FF4C");
			isa = PBXGroup;
			name = "Frameworks";
			sourceTree = "<group>";
		};
		D1C883685E82D5676953459A = {
			buildActionMask = 2147483647;
			files = (
				"814B4D9F147A8460BEE1B3CB",
				"B460F624007324313696BE86",
				"4EB68D0C8182BCE33529C421",
				"8818C4897EA73BE5A260784A",
				"D86E57DD6F3BF48849AFE9C8",
				"2A1E69B7B4D1C0401D510887",
				"3B06B1F339866DB163636986",
				"75C14170DDE8365ECA6D30D5",
				"F8C8C11677348A16DE63C22C",
				"EC6FDA35F1A0C2BE3F40C73C",
				"27D568A44B5DCEAECAA6D9F8",
				"D97208E956D8AD8320C3F4F9",
				"7036282421651F81D22B713D",
				"61EEC397DC8556BF8C4E36A7",
				"66BB6DF10AF3B3BBD59DAFD6",
				"4A378D79109825CDBC872A3C",
				"DAEF5396CF785A464AE68728",
				"D9B7A412698EED9E0E0712D1",
				"595A1570263C08749318F0F3",
				"CFAAE4CC5D807A3D68837EA3",
				"0A2243E2A6FF63FE3B7D19CF",
				"AB3B7134E447250F78ADC67D",
				"FF3954861EE2CFEC856FF43C",
				"EC015E1284CEF24F074842C7",
				"8F416C7E5742E7942661CAF2",
				"45F6045BC4301AB501D6803A",
				"1F2F4095C2A83C36FB1E3366",
				"B1C4048B4F1EA2A444F11895",
				"88F8B8D7ECBC050ACD342FBA",
				"FC4BD4987F802524499AB9CB",
				"3FC91485087A0CAD86F511F0",
				"FE052AE7FF5242FCD3094093",
				"D6B0F9C61F221328F14279C5",
				"F3AD8E360203D0FF7CD06956",
				"FC77010608C8F8962FF06DED",
				"B3FE8FAC746D3D5BB24FA398",
				"B78927C5E1E526239CB3B06A",
				"DD595A8EF3D9962935F5FE93",
				"2B02D9DC58A01E45248DDBCE",
				"0CE02722F00CAD43741297B5",
				"F321E269E479A0EF1C941F32",
				"3353AF13766B5E16679320E0",
				"39FC0AA9A5FAA2C60831C226",
				"A2AC96359FBDC683042D03DC",
				"11952156EDCA1494C9EBD979",
				"B4C7E2CAFD386C0C5F9FA958",
				"EA4C3E51005175D9A71418D9",
				"15364689D2AB5A30E87A689F",
				"D4639595C3BCF2A39D88DF6E",
				"906D4B242F504925A3CF2DBB",
				"1B74E6A57707E783B8883401",
				"F8B465CE34D8DF87AAE95913",
				"F26454630C80841CBDCFE1CA",
				"8F42461D9201B4670B4FC51B");
			isa = PBXFrameworksBuildPhase;
			runOnlyForDeploymentPostprocessing = 0;
			name = "Link Binary With Libraries";
		};
		2FBB4326D738B14621128440 = {
			isa = PBXFileReference;
			path = "/Users/leo/cc/qt-Project/build-iOS-BootTest-Qt_5_15_2_ios_Simulator-Debug/iOS-BootTest.xcodeproj/Default-568h@2x.png";
			name = "Default-568h@2x.png";
			sourceTree = "<absolute>";
		};
		8A49A30505D02F72BDEA8028 = {
			fileRef = "2FBB4326D738B14621128440";
			isa = PBXBuildFile;
		};
		1ABFA9DF7D33C58F5BFB114D = {
			isa = PBXFileReference;
			path = "/Users/leo/cc/qt-Project/build-iOS-BootTest-Qt_5_15_2_ios_Simulator-Debug/iOS-BootTest.xcodeproj/LaunchScreen.storyboard";
			name = "LaunchScreen.storyboard";
			sourceTree = "<absolute>";
		};
		AC5B3BD0398EF43FEA4F629A = {
			fileRef = "1ABFA9DF7D33C58F5BFB114D";
			isa = PBXBuildFile;
		};
		858FCAB0EB1F29CF8B07677C = {
			children = (
				"2FBB4326D738B14621128440",
				"1ABFA9DF7D33C58F5BFB114D");
			isa = PBXGroup;
			name = "Bundle Data";
			sourceTree = "<group>";
		};
		30414803F31797EB689AE508 = {
			buildActionMask = 2147483647;
			files = (
				"8A49A30505D02F72BDEA8028",
				"AC5B3BD0398EF43FEA4F629A");
			isa = PBXResourcesBuildPhase;
			runOnlyForDeploymentPostprocessing = 0;
			name = "Copy Bundle Resources";
		};
		99542592E9780B9225F24AA8 = {
			isa = PBXCopyFilesBuildPhase;
			buildActionMask = 2147483647;
			dstPath = "";
			dstSubfolderSpec = 10;
			files = (
				);
			name = "Embed Frameworks";
			runOnlyForDeploymentPostprocessing = 0;
		};
		2453E64530AC7DA22F6580A5 = {
			isa = PBXFileReference;
			includeInIndex = 0;
			explicitFileType = "wrapper.application";
			path = "iOS-BootTest.app";
			sourceTree = BUILT_PRODUCTS_DIR;
		};
		FE0A091FDBFB3E9C31B7A1BD = {
			children = (
				"2453E64530AC7DA22F6580A5");
			isa = PBXGroup;
			name = "Products";
			sourceTree = "<group>";
		};
		E8C543AB96796ECAA2E65C57 = {
			children = (
				"2EB56BE3C2D93CDAB0C52E67",
				"25B08E2869634E9BCBA333A2",
				"87DF60DE337FB58864343E39",
				"74B182DB50CB5611B5C1C297",
				"AF39DD055C3EF8226FBE929D",
				"858FCAB0EB1F29CF8B07677C",
				"FE0A091FDBFB3E9C31B7A1BD");
			isa = PBXGroup;
			name = "iOS-BootTest";
			sourceTree = "<group>";
		};
		C902F30F8601C0A7EA59C251 = {
			buildPhases = (
				"5E618435888B9D49F8540165",
				"7EF0942E79C014DCEC8976BC");
			dependencies = (
				);
			buildConfigurationList = 6CC3B5D2136C7CD6A5CF5A59;
			isa = PBXAggregateTarget;
			buildRules = (
);
			productName = "Qt Preprocess";
			name = "Qt Preprocess";
		};
		72B9D91CF189D64B6CC0CABC = {
			isa = PBXTargetDependency;
			target = "C902F30F8601C0A7EA59C251";
		};
		16CAAA2789EF9036E342B9BD = {
			buildPhases = (
				"F7E50F631C51CD5B5DC0BC43",
				"D1C883685E82D5676953459A",
				"30414803F31797EB689AE508",
				"99542592E9780B9225F24AA8");
			dependencies = (
				"72B9D91CF189D64B6CC0CABC");
			productReference = "2453E64530AC7DA22F6580A5";
			buildConfigurationList = 6CC3B5D2136C7CD6A5CF5A59;
			isa = PBXNativeTarget;
			buildRules = (
);
			productType = "com.apple.product-type.application";
			name = "iOS-BootTest";
			productName = "iOS-BootTest";
		};
		3AA6C32AC930069E80220CF1 = {
			isa = XCBuildConfiguration;
			buildSettings = {
				APPLICATION_EXTENSION_API_ONLY = "NO";
				"ARCHS[sdk=iphoneos*]" = "arm64";
				"ARCHS[sdk=iphonesimulator*]" = "x86_64";
				COPY_PHASE_STRIP = "NO";
				DEBUG_INFORMATION_FORMAT = "dwarf";
				ENABLE_BITCODE = "YES";
				GCC_OPTIMIZATION_LEVEL = "0";
				ONLY_ACTIVE_ARCH = "YES";
				PRODUCT_BUNDLE_IDENTIFIER = "com.sfe.${PRODUCT_NAME:rfc1034identifier}";
				PRODUCT_NAME = "iOS-BootTest";
				QMAKE_FULL_VERSION = "1.0.0";
				"QMAKE_MAC_SDK_PATH[sdk=iphoneos*]" = "/Applications/Xcode.app/Contents/Developer/Platforms/iPhoneOS.platform/Developer/SDKs/iPhoneOS17.4.sdk";
				"QMAKE_MAC_SDK_PATH[sdk=iphonesimulator*]" = "/Applications/Xcode.app/Contents/Developer/Platforms/iPhoneSimulator.platform/Developer/SDKs/iPhoneSimulator17.4.sdk";
				"QMAKE_MAC_SDK_PLATFORM_PATH[sdk=iphoneos*]" = "/Applications/Xcode.app/Contents/Developer/Platforms/iPhoneOS.platform";
				"QMAKE_MAC_SDK_PLATFORM_PATH[sdk=iphonesimulator*]" = "/Applications/Xcode.app/Contents/Developer/Platforms/iPhoneSimulator.platform";
				QMAKE_PKGINFO_TYPEINFO = "????";
				QMAKE_SHORT_VERSION = "1.0";
				QT_LIBRARY_SUFFIX = "_debug";
				SDKROOT = "iphoneos";
				TARGETED_DEVICE_FAMILY = "1,2";
				GCC_VERSION = com.apple.compilers.llvm.clang.1_0;
				CC = "/Applications/Xcode.app/Contents/Developer/Toolchains/XcodeDefault.xctoolchain/usr/bin/clang";
				LDPLUSPLUS = "/Applications/Xcode.app/Contents/Developer/Toolchains/XcodeDefault.xctoolchain/usr/bin/clang++";
				INFOPLIST_FILE = "Info.plist";
				SYMROOT = "$(PROJECT_DIR)";
				DYLIB_CURRENT_VERSION = "1.0.0";
				DYLIB_COMPATIBILITY_VERSION = "1.0";
				IPHONEOS_DEPLOYMENT_TARGET = "12.0";
				CODE_SIGN_IDENTITY = "iPhone Developer";
				HEADER_SEARCH_PATHS = (
					"../iOS-BootTest",
					".",
					"../../../Qt/5.15.2/ios/mkspecs/common/uikit",
					"../../../Qt/5.15.2/ios/include",
					"../../../Qt/5.15.2/ios/include/QtQuick",
					"../../../Qt/5.15.2/ios/include/QtGui",
					"../../../Qt/5.15.2/ios/include/QtQmlModels",
					"../../../Qt/5.15.2/ios/include/QtQml",
					"../../../Qt/5.15.2/ios/include/QtNetwork",
					"../../../Qt/5.15.2/ios/include/QtCore",
					".",
					"../../../Qt/5.15.2/ios/mkspecs/macx-ios-clang");
				LIBRARY_SEARCH_PATHS = (
					"/Users/leo/Qt/5.15.2/ios/plugins/platforms",
					"/System/Library/Frameworks/",
					"/Users/leo/Qt/5.15.2/ios/lib",
					"/Users/leo/Qt/5.15.2/ios/plugins/imageformats",
					"/Users/leo/Qt/5.15.2/ios/plugins/qmltooling",
					"/Users/leo/Qt/5.15.2/ios/plugins/bearer",
					"/Users/leo/Qt/5.15.2/ios/qml/QtQuick.2",
					"/Users/leo/Qt/5.15.2/ios/qml/QtQuick/Window.2",
					"/Users/leo/Qt/5.15.2/ios/qml/QtQml",
					"/Users/leo/Qt/5.15.2/ios/qml/QtQml/Models.2",
					"/Users/leo/Qt/5.15.2/ios/qml/QtQml/WorkerScript.2");
				FRAMEWORK_SEARCH_PATHS = "";
				OTHER_CFLAGS = (
					"-pipe",
					"-g",
					"-fobjc-nonfragile-abi",
					"-fobjc-legacy-dispatch",
					"-Wall",
					"-Wextra",
					"-fPIC",
					"-DQT_COMPILER_SUPPORTS_SSE2",
					"-DQT_QML_DEBUG",
					"-DQT_QUICK_LIB",
					"-DQT_GUI_LIB",
					"-DQT_QMLMODELS_LIB",
					"-DQT_QML_LIB",
					"-DQT_NETWORK_LIB",
					"-DQT_CORE_LIB");
				OTHER_CPLUSPLUSFLAGS = (
					"-pipe",
					"-stdlib=libc++",
					"-g",
					"-std=gnu++11",
					"-fobjc-nonfragile-abi",
					"-fobjc-legacy-dispatch",
					"-Wall",
					"-Wextra",
					"-fPIC",
					"-DQT_COMPILER_SUPPORTS_SSE2",
					"-DQT_QML_DEBUG",
					"-DQT_QUICK_LIB",
					"-DQT_GUI_LIB",
					"-DQT_QMLMODELS_LIB",
					"-DQT_QML_LIB",
					"-DQT_NETWORK_LIB",
					"-DQT_CORE_LIB");
				OTHER_LDFLAGS = (
						"-stdlib=libc++",
						"-Wl,-e,_qt_main_wrapper",
						"-Wl,-rpath,@executable_path/Frameworks",
						"-L/Users/leo/Qt/5.15.2/ios/plugins/platforms",
						"-framework",
						"AssetsLibrary",
						"-framework",
						"MobileCoreServices",
						"-lm",
						"-framework",
						"UIKit",
						"-lz",
						"-framework",
						"OpenGLES");
				ARCHS = "arm64 x86_64";
			};
			name = "Debug";
		};
		77418F46922677BB04ED38DD = {
			isa = XCBuildConfiguration;
			buildSettings = {
				APPLICATION_EXTENSION_API_ONLY = "NO";
				"ARCHS[sdk=iphoneos*]" = "arm64";
				"ARCHS[sdk=iphonesimulator*]" = "x86_64";
				COPY_PHASE_STRIP = "NO";
				DEBUG_INFORMATION_FORMAT = "dwarf";
				ENABLE_BITCODE = "YES";
				GCC_OPTIMIZATION_LEVEL = "0";
				ONLY_ACTIVE_ARCH = "YES";
				PRODUCT_BUNDLE_IDENTIFIER = "com.sfe.${PRODUCT_NAME:rfc1034identifier}";
				PRODUCT_NAME = "iOS-BootTest";
				QMAKE_FULL_VERSION = "1.0.0";
				"QMAKE_MAC_SDK_PATH[sdk=iphoneos*]" = "/Applications/Xcode.app/Contents/Developer/Platforms/iPhoneOS.platform/Developer/SDKs/iPhoneOS17.4.sdk";
				"QMAKE_MAC_SDK_PATH[sdk=iphonesimulator*]" = "/Applications/Xcode.app/Contents/Developer/Platforms/iPhoneSimulator.platform/Developer/SDKs/iPhoneSimulator17.4.sdk";
				"QMAKE_MAC_SDK_PLATFORM_PATH[sdk=iphoneos*]" = "/Applications/Xcode.app/Contents/Developer/Platforms/iPhoneOS.platform";
				"QMAKE_MAC_SDK_PLATFORM_PATH[sdk=iphonesimulator*]" = "/Applications/Xcode.app/Contents/Developer/Platforms/iPhoneSimulator.platform";
				QMAKE_PKGINFO_TYPEINFO = "????";
				QMAKE_SHORT_VERSION = "1.0";
				QT_LIBRARY_SUFFIX = "_debug";
				SDKROOT = "iphoneos";
				TARGETED_DEVICE_FAMILY = "1,2";
				PRODUCT_NAME = "iOS-BootTest";
			};
			name = "Debug";
		};
		339EE1B2CC4FC24589A0EA95 = {
			isa = XCBuildConfiguration;
			buildSettings = {
				APPLICATION_EXTENSION_API_ONLY = "NO";
				"ARCHS[sdk=iphoneos*]" = "arm64";
				"ARCHS[sdk=iphonesimulator*]" = "x86_64";
				COPY_PHASE_STRIP = "NO";
				ENABLE_BITCODE = "YES";
				PRODUCT_BUNDLE_IDENTIFIER = "com.sfe.${PRODUCT_NAME:rfc1034identifier}";
				PRODUCT_NAME = "iOS-BootTest";
				QMAKE_FULL_VERSION = "1.0.0";
				"QMAKE_MAC_SDK_PATH[sdk=iphoneos*]" = "/Applications/Xcode.app/Contents/Developer/Platforms/iPhoneOS.platform/Developer/SDKs/iPhoneOS17.4.sdk";
				"QMAKE_MAC_SDK_PATH[sdk=iphonesimulator*]" = "/Applications/Xcode.app/Contents/Developer/Platforms/iPhoneSimulator.platform/Developer/SDKs/iPhoneSimulator17.4.sdk";
				"QMAKE_MAC_SDK_PLATFORM_PATH[sdk=iphoneos*]" = "/Applications/Xcode.app/Contents/Developer/Platforms/iPhoneOS.platform";
				"QMAKE_MAC_SDK_PLATFORM_PATH[sdk=iphonesimulator*]" = "/Applications/Xcode.app/Contents/Developer/Platforms/iPhoneSimulator.platform";
				QMAKE_PKGINFO_TYPEINFO = "????";
				QMAKE_SHORT_VERSION = "1.0";
				QT_LIBRARY_SUFFIX = "";
				SDKROOT = "iphoneos";
				TARGETED_DEVICE_FAMILY = "1,2";
				GCC_VERSION = com.apple.compilers.llvm.clang.1_0;
				CC = "/Applications/Xcode.app/Contents/Developer/Toolchains/XcodeDefault.xctoolchain/usr/bin/clang";
				LDPLUSPLUS = "/Applications/Xcode.app/Contents/Developer/Toolchains/XcodeDefault.xctoolchain/usr/bin/clang++";
				INFOPLIST_FILE = "Info.plist";
				SYMROOT = "$(PROJECT_DIR)";
				DYLIB_CURRENT_VERSION = "1.0.0";
				DYLIB_COMPATIBILITY_VERSION = "1.0";
				IPHONEOS_DEPLOYMENT_TARGET = "12.0";
				CODE_SIGN_IDENTITY = "iPhone Developer";
				HEADER_SEARCH_PATHS = (
					"../iOS-BootTest",
					".",
					"../../../Qt/5.15.2/ios/mkspecs/common/uikit",
					"../../../Qt/5.15.2/ios/include",
					"../../../Qt/5.15.2/ios/include/QtQuick",
					"../../../Qt/5.15.2/ios/include/QtGui",
					"../../../Qt/5.15.2/ios/include/QtQmlModels",
					"../../../Qt/5.15.2/ios/include/QtQml",
					"../../../Qt/5.15.2/ios/include/QtNetwork",
					"../../../Qt/5.15.2/ios/include/QtCore",
					".",
					"../../../Qt/5.15.2/ios/mkspecs/macx-ios-clang");
				LIBRARY_SEARCH_PATHS = (
					"/Users/leo/Qt/5.15.2/ios/plugins/platforms",
					"/System/Library/Frameworks/",
					"/Users/leo/Qt/5.15.2/ios/lib",
					"/Users/leo/Qt/5.15.2/ios/plugins/imageformats",
					"/Users/leo/Qt/5.15.2/ios/plugins/qmltooling",
					"/Users/leo/Qt/5.15.2/ios/plugins/bearer",
					"/Users/leo/Qt/5.15.2/ios/qml/QtQuick.2",
					"/Users/leo/Qt/5.15.2/ios/qml/QtQuick/Window.2",
					"/Users/leo/Qt/5.15.2/ios/qml/QtQml",
					"/Users/leo/Qt/5.15.2/ios/qml/QtQml/Models.2",
					"/Users/leo/Qt/5.15.2/ios/qml/QtQml/WorkerScript.2");
				FRAMEWORK_SEARCH_PATHS = "";
				OTHER_CFLAGS = (
					"-pipe",
					"-g",
					"-fobjc-nonfragile-abi",
					"-fobjc-legacy-dispatch",
					"-Wall",
					"-Wextra",
					"-fPIC",
					"-DQT_COMPILER_SUPPORTS_SSE2",
					"-DQT_QML_DEBUG",
					"-DQT_QUICK_LIB",
					"-DQT_GUI_LIB",
					"-DQT_QMLMODELS_LIB",
					"-DQT_QML_LIB",
					"-DQT_NETWORK_LIB",
					"-DQT_CORE_LIB");
				OTHER_CPLUSPLUSFLAGS = (
					"-pipe",
					"-stdlib=libc++",
					"-g",
					"-std=gnu++11",
					"-fobjc-nonfragile-abi",
					"-fobjc-legacy-dispatch",
					"-Wall",
					"-Wextra",
					"-fPIC",
					"-DQT_COMPILER_SUPPORTS_SSE2",
					"-DQT_QML_DEBUG",
					"-DQT_QUICK_LIB",
					"-DQT_GUI_LIB",
					"-DQT_QMLMODELS_LIB",
					"-DQT_QML_LIB",
					"-DQT_NETWORK_LIB",
					"-DQT_CORE_LIB");
				OTHER_LDFLAGS = (
						"-stdlib=libc++",
						"-Wl,-e,_qt_main_wrapper",
						"-Wl,-rpath,@executable_path/Frameworks",
						"-L/Users/leo/Qt/5.15.2/ios/plugins/platforms",
						"-framework",
						"AssetsLibrary",
						"-framework",
						"MobileCoreServices",
						"-lm",
						"-framework",
						"UIKit",
						"-lz",
						"-framework",
						"OpenGLES");
				ARCHS = "arm64 x86_64";
			};
			name = "Release";
		};
		6666AA5E688052234F6758D8 = {
			isa = XCBuildConfiguration;
			buildSettings = {
				APPLICATION_EXTENSION_API_ONLY = "NO";
				"ARCHS[sdk=iphoneos*]" = "arm64";
				"ARCHS[sdk=iphonesimulator*]" = "x86_64";
				COPY_PHASE_STRIP = "NO";
				ENABLE_BITCODE = "YES";
				PRODUCT_BUNDLE_IDENTIFIER = "com.sfe.${PRODUCT_NAME:rfc1034identifier}";
				PRODUCT_NAME = "iOS-BootTest";
				QMAKE_FULL_VERSION = "1.0.0";
				"QMAKE_MAC_SDK_PATH[sdk=iphoneos*]" = "/Applications/Xcode.app/Contents/Developer/Platforms/iPhoneOS.platform/Developer/SDKs/iPhoneOS17.4.sdk";
				"QMAKE_MAC_SDK_PATH[sdk=iphonesimulator*]" = "/Applications/Xcode.app/Contents/Developer/Platforms/iPhoneSimulator.platform/Developer/SDKs/iPhoneSimulator17.4.sdk";
				"QMAKE_MAC_SDK_PLATFORM_PATH[sdk=iphoneos*]" = "/Applications/Xcode.app/Contents/Developer/Platforms/iPhoneOS.platform";
				"QMAKE_MAC_SDK_PLATFORM_PATH[sdk=iphonesimulator*]" = "/Applications/Xcode.app/Contents/Developer/Platforms/iPhoneSimulator.platform";
				QMAKE_PKGINFO_TYPEINFO = "????";
				QMAKE_SHORT_VERSION = "1.0";
				QT_LIBRARY_SUFFIX = "";
				SDKROOT = "iphoneos";
				TARGETED_DEVICE_FAMILY = "1,2";
				PRODUCT_NAME = "iOS-BootTest";
			};
			name = "Release";
		};
		DAC4C1AA5EDEA1C85E9CA5E6 = {
			isa = XCConfigurationList;
			buildConfigurations = (
				"3AA6C32AC930069E80220CF1",
				"339EE1B2CC4FC24589A0EA95");
			defaultConfigurationIsVisible = 0;
			defaultConfigurationName = "Debug";
		};
		6CC3B5D2136C7CD6A5CF5A59 = {
			isa = XCConfigurationList;
			buildConfigurations = (
				"77418F46922677BB04ED38DD",
				"6666AA5E688052234F6758D8");
			defaultConfigurationIsVisible = 0;
			defaultConfigurationName = "Debug";
		};
		6DB9C3763D02B1415CD9D565 = {
			hasScannedForEncodings = 1;
			compatibilityVersion = "Xcode 3.2";
			isa = PBXProject;
			mainGroup = "E8C543AB96796ECAA2E65C57";
			productRefGroup = "FE0A091FDBFB3E9C31B7A1BD";
			buildConfigurationList = "DAC4C1AA5EDEA1C85E9CA5E6";
			projectDirPath = "";
			projectRoot = "";
			targets = (
				"16CAAA2789EF9036E342B9BD",
				"C902F30F8601C0A7EA59C251");
			attributes = {
				TargetAttributes = {
				};
			};
		};
	};
	rootObject = "6DB9C3763D02B1415CD9D565";
}
